
Microsoft Visual Studio Solution File, Format Version 12.00
Project("{FAE04EC0-301F-11D3-BF4B-00C04F79EFBC}") = "WebApi", "WebApi\WebApi\WebApi.csproj", "{8DA52C61-54A2-4109-88B8-E54AD3FBFE29}"
EndProject
Project("{FAE04EC0-301F-11D3-BF4B-00C04F79EFBC}") = "WebApi.Client", "WebApi\WebApi.Client\WebApi.Client.csproj", "{2197EE75-6FD8-4AE1-9180-3253E0A36645}"
EndProject
Global
	GlobalSection(SolutionConfigurationPlatforms) = preSolution
		Debug|Any CPU = Debug|Any CPU
		Release|Any CPU = Release|Any CPU
	EndGlobalSection
	GlobalSection(ProjectConfigurationPlatforms) = postSolution
		{8DA52C61-54A2-4109-88B8-E54AD3FBFE29}.Debug|Any CPU.ActiveCfg = Debug|Any CPU
		{8DA52C61-54A2-4109-88B8-E54AD3FBFE29}.Debug|Any CPU.Build.0 = Debug|Any CPU
		{8DA52C61-54A2-4109-88B8-E54AD3FBFE29}.Release|Any CPU.ActiveCfg = Release|Any CPU
		{8DA52C61-54A2-4109-88B8-E54AD3FBFE29}.Release|Any CPU.Build.0 = Release|Any CPU
		{2197EE75-6FD8-4AE1-9180-3253E0A36645}.Debug|Any CPU.ActiveCfg = Debug|Any CPU
		{2197EE75-6FD8-4AE1-9180-3253E0A36645}.Debug|Any CPU.Build.0 = Debug|Any CPU
		{2197EE75-6FD8-4AE1-9180-3253E0A36645}.Release|Any CPU.ActiveCfg = Release|Any CPU
		{2197EE75-6FD8-4AE1-9180-3253E0A36645}.Release|Any CPU.Build.0 = Release|Any CPU
	EndGlobalSection
EndGlobal
